
Microsoft Visual Studio Solution File, Format Version 12.00
# Visual Studio 2017
Project("{FAE04EC0-301F-11D3-BF4B-00C04F79EFBC}") = "SynthwaveProject", "SynthwaveProject.csproj", "{6619795C-227B-FBAC-F52F-C52F21AE1D4F}"
EndProject
Project("{FAE04EC0-301F-11D3-BF4B-00C04F79EFBC}") = "SynthwaveProject.Plugins", "SynthwaveProject.Plugins.csproj", "{A330CD75-82B6-39BB-0D04-1E255C4A08D3}"
EndProject
Project("{FAE04EC0-301F-11D3-BF4B-00C04F79EFBC}") = "SynthwaveProject.Editor", "SynthwaveProject.Editor.csproj", "{1C5EA5D8-83CF-9C72-6398-CB18591C411E}"
EndProject
Project("{FAE04EC0-301F-11D3-BF4B-00C04F79EFBC}") = "SynthwaveProject.Editor.Plugins", "SynthwaveProject.Editor.Plugins.csproj", "{8069E53D-4B69-A4CC-5E2E-F889A844909C}"
EndProject
Global
	GlobalSection(SolutionConfigurationPlatforms) = preSolution
		Debug|Any CPU = Debug|Any CPU
		Release|Any CPU = Release|Any CPU
	EndGlobalSection
	GlobalSection(ProjectConfigurationPlatforms) = postSolution
		{6619795C-227B-FBAC-F52F-C52F21AE1D4F}.Debug|Any CPU.ActiveCfg = Debug|Any CPU
		{6619795C-227B-FBAC-F52F-C52F21AE1D4F}.Debug|Any CPU.Build.0 = Debug|Any CPU
		{6619795C-227B-FBAC-F52F-C52F21AE1D4F}.Release|Any CPU.ActiveCfg = Release|Any CPU
		{6619795C-227B-FBAC-F52F-C52F21AE1D4F}.Release|Any CPU.Build.0 = Release|Any CPU
		{A330CD75-82B6-39BB-0D04-1E255C4A08D3}.Debug|Any CPU.ActiveCfg = Debug|Any CPU
		{A330CD75-82B6-39BB-0D04-1E255C4A08D3}.Debug|Any CPU.Build.0 = Debug|Any CPU
		{A330CD75-82B6-39BB-0D04-1E255C4A08D3}.Release|Any CPU.ActiveCfg = Release|Any CPU
		{A330CD75-82B6-39BB-0D04-1E255C4A08D3}.Release|Any CPU.Build.0 = Release|Any CPU
		{1C5EA5D8-83CF-9C72-6398-CB18591C411E}.Debug|Any CPU.ActiveCfg = Debug|Any CPU
		{1C5EA5D8-83CF-9C72-6398-CB18591C411E}.Debug|Any CPU.Build.0 = Debug|Any CPU
		{1C5EA5D8-83CF-9C72-6398-CB18591C411E}.Release|Any CPU.ActiveCfg = Release|Any CPU
		{1C5EA5D8-83CF-9C72-6398-CB18591C411E}.Release|Any CPU.Build.0 = Release|Any CPU
		{8069E53D-4B69-A4CC-5E2E-F889A844909C}.Debug|Any CPU.ActiveCfg = Debug|Any CPU
		{8069E53D-4B69-A4CC-5E2E-F889A844909C}.Debug|Any CPU.Build.0 = Debug|Any CPU
		{8069E53D-4B69-A4CC-5E2E-F889A844909C}.Release|Any CPU.ActiveCfg = Release|Any CPU
		{8069E53D-4B69-A4CC-5E2E-F889A844909C}.Release|Any CPU.Build.0 = Release|Any CPU
	EndGlobalSection
	GlobalSection(SolutionProperties) = preSolution
		HideSolutionNode = FALSE
	EndGlobalSection
EndGlobal
